
Microsoft Visual Studio Solution File, Format Version 12.00
# Visual Studio Version 17
VisualStudioVersion = 17.14.36109.1 d17.14
MinimumVisualStudioVersion = 10.0.40219.1
Project("{FAE04EC0-301F-11D3-BF4B-00C04F79EFBC}") = "TreeExplorer", "TreeExplorer\TreeExplorer.csproj", "{B514DC77-AC54-42D7-BF8D-D982C9A5D42B}"
EndProject
Global
	GlobalSection(SolutionConfigurationPlatforms) = preSolution
		Debug|Any CPU = Debug|Any CPU
		Release|Any CPU = Release|Any CPU
	EndGlobalSection
	GlobalSection(ProjectConfigurationPlatforms) = postSolution
		{B514DC77-AC54-42D7-BF8D-D982C9A5D42B}.Debug|Any CPU.ActiveCfg = Debug|Any CPU
		{B514DC77-AC54-42D7-BF8D-D982C9A5D42B}.Debug|Any CPU.Build.0 = Debug|Any CPU
		{B514DC77-AC54-42D7-BF8D-D982C9A5D42B}.Release|Any CPU.ActiveCfg = Release|Any CPU
		{B514DC77-AC54-42D7-BF8D-D982C9A5D42B}.Release|Any CPU.Build.0 = Release|Any CPU
	EndGlobalSection
	GlobalSection(SolutionProperties) = preSolution
		HideSolutionNode = FALSE
	EndGlobalSection
	GlobalSection(ExtensibilityGlobals) = postSolution
		SolutionGuid = {2219AC46-41AC-4CFB-9DF0-F2138B5C983B}
	EndGlobalSection
EndGlobal
